// !$*UTF8*$!
{
	archiveVersion = 1;
	classes = {
	};
	objectVersion = 50;
	objects = {

/* Begin PBXBuildFile section */
		B869E1632752390B006CC3F2 /* Tools+Dependencies.swift in Sources */ = {isa = PBXBuildFile; fileRef = B869E15E2752390B006CC3F2 /* Tools+Dependencies.swift */; };
		B869E1642752390B006CC3F2 /* Routing+Dependencies.swift in Sources */ = {isa = PBXBuildFile; fileRef = B869E15F2752390B006CC3F2 /* Routing+Dependencies.swift */; };
		B869E1652752390B006CC3F2 /* ViewModels+Dependencies.swift in Sources */ = {isa = PBXBuildFile; fileRef = B869E1602752390B006CC3F2 /* ViewModels+Dependencies.swift */; };
		B869E1662752390B006CC3F2 /* Repositories+Dependencies.swift in Sources */ = {isa = PBXBuildFile; fileRef = B869E1612752390B006CC3F2 /* Repositories+Dependencies.swift */; };
		B869E1672752390B006CC3F2 /* DependenciesRegistration.swift in Sources */ = {isa = PBXBuildFile; fileRef = B869E1622752390B006CC3F2 /* DependenciesRegistration.swift */; };
		B869E16D275239A1006CC3F2 /* MainCoordinator.swift in Sources */ = {isa = PBXBuildFile; fileRef = B869E16C275239A1006CC3F2 /* MainCoordinator.swift */; };
		B869E17227523A5A006CC3F2 /* DIInjector.swift in Sources */ = {isa = PBXBuildFile; fileRef = B869E17127523A5A006CC3F2 /* DIInjector.swift */; };
		B869E17527523C93006CC3F2 /* MainTabView.swift in Sources */ = {isa = PBXBuildFile; fileRef = B869E17327523C93006CC3F2 /* MainTabView.swift */; };
		B869E17627523C93006CC3F2 /* MainTabViewModel.swift in Sources */ = {isa = PBXBuildFile; fileRef = B869E17427523C93006CC3F2 /* MainTabViewModel.swift */; };
		B869E17927523CB0006CC3F2 /* TodayView.swift in Sources */ = {isa = PBXBuildFile; fileRef = B869E17727523CB0006CC3F2 /* TodayView.swift */; };
		B869E17A27523CB0006CC3F2 /* TodayViewModel.swift in Sources */ = {isa = PBXBuildFile; fileRef = B869E17827523CB0006CC3F2 /* TodayViewModel.swift */; };
		B869E17D27523CC9006CC3F2 /* DetailView.swift in Sources */ = {isa = PBXBuildFile; fileRef = B869E17B27523CC9006CC3F2 /* DetailView.swift */; };
		B869E17E27523CC9006CC3F2 /* DetailViewModel.swift in Sources */ = {isa = PBXBuildFile; fileRef = B869E17C27523CC9006CC3F2 /* DetailViewModel.swift */; };
		B869E18227523D2A006CC3F2 /* SearchView.swift in Sources */ = {isa = PBXBuildFile; fileRef = B869E18027523D2A006CC3F2 /* SearchView.swift */; };
		B869E18327523D2A006CC3F2 /* SearchViewModel.swift in Sources */ = {isa = PBXBuildFile; fileRef = B869E18127523D2A006CC3F2 /* SearchViewModel.swift */; };
		B869E18627523FD8006CC3F2 /* View+Extensions.swift in Sources */ = {isa = PBXBuildFile; fileRef = B869E18527523FD8006CC3F2 /* View+Extensions.swift */; };
		B869E189275240A4006CC3F2 /* LazyView.swift in Sources */ = {isa = PBXBuildFile; fileRef = B869E188275240A4006CC3F2 /* LazyView.swift */; };
		B869E18D27524A28006CC3F2 /* Photo.swift in Sources */ = {isa = PBXBuildFile; fileRef = B869E18C27524A28006CC3F2 /* Photo.swift */; };
		B869E18F27524A7A006CC3F2 /* User.swift in Sources */ = {isa = PBXBuildFile; fileRef = B869E18E27524A7A006CC3F2 /* User.swift */; };
		B869E19127524B7E006CC3F2 /* PhotoStatistics.swift in Sources */ = {isa = PBXBuildFile; fileRef = B869E19027524B7E006CC3F2 /* PhotoStatistics.swift */; };
		B869E19C27524EB1006CC3F2 /* ImageLoader.swift in Sources */ = {isa = PBXBuildFile; fileRef = B869E19B27524EB1006CC3F2 /* ImageLoader.swift */; };
		B869E19E27524ECA006CC3F2 /* ImageCache.swift in Sources */ = {isa = PBXBuildFile; fileRef = B869E19D27524ECA006CC3F2 /* ImageCache.swift */; };
		B869E1A027524EFF006CC3F2 /* AsyncImageLoader.swift in Sources */ = {isa = PBXBuildFile; fileRef = B869E19F27524EFF006CC3F2 /* AsyncImageLoader.swift */; };
		B869E1A2275252A7006CC3F2 /* Cache.swift in Sources */ = {isa = PBXBuildFile; fileRef = B869E1A1275252A7006CC3F2 /* Cache.swift */; };
		B869E1A527525309006CC3F2 /* AppConfig.swift in Sources */ = {isa = PBXBuildFile; fileRef = B869E1A427525309006CC3F2 /* AppConfig.swift */; };
		B869E1A72752534F006CC3F2 /* PhotoRepository.swift in Sources */ = {isa = PBXBuildFile; fileRef = B869E1A62752534F006CC3F2 /* PhotoRepository.swift */; };
		B869E1AA27525363006CC3F2 /* UserRepository.swift in Sources */ = {isa = PBXBuildFile; fileRef = B869E1A927525363006CC3F2 /* UserRepository.swift */; };
		B869E1AC27525449006CC3F2 /* API.swift in Sources */ = {isa = PBXBuildFile; fileRef = B869E1AB27525449006CC3F2 /* API.swift */; };
		B869E1DB275255B3006CC3F2 /* JoltNetwork.swift in Sources */ = {isa = PBXBuildFile; fileRef = B869E1B6275255B3006CC3F2 /* JoltNetwork.swift */; };
		B869E1DC275255B3006CC3F2 /* JoltNetwork+RequestActions.swift in Sources */ = {isa = PBXBuildFile; fileRef = B869E1B7275255B3006CC3F2 /* JoltNetwork+RequestActions.swift */; };
		B869E1DD275255B3006CC3F2 /* Config.swift in Sources */ = {isa = PBXBuildFile; fileRef = B869E1BA275255B3006CC3F2 /* Config.swift */; };
		B869E1DE275255B3006CC3F2 /* RequestLogInfos.swift in Sources */ = {isa = PBXBuildFile; fileRef = B869E1BF275255B3006CC3F2 /* RequestLogInfos.swift */; };
		B869E1DF275255B3006CC3F2 /* LogLevel.swift in Sources */ = {isa = PBXBuildFile; fileRef = B869E1C0275255B3006CC3F2 /* LogLevel.swift */; };
		B869E1E0275255B3006CC3F2 /* JoltLogger.swift in Sources */ = {isa = PBXBuildFile; fileRef = B869E1C1275255B3006CC3F2 /* JoltLogger.swift */; };
		B869E1E1275255B3006CC3F2 /* AnyPublisher+Extensions.swift in Sources */ = {isa = PBXBuildFile; fileRef = B869E1C3275255B3006CC3F2 /* AnyPublisher+Extensions.swift */; };
		B869E1E2275255B3006CC3F2 /* String+Extensions.swift in Sources */ = {isa = PBXBuildFile; fileRef = B869E1C4275255B3006CC3F2 /* String+Extensions.swift */; };
		B869E1E3275255B3006CC3F2 /* Publisher+Extensions.swift in Sources */ = {isa = PBXBuildFile; fileRef = B869E1C5275255B3006CC3F2 /* Publisher+Extensions.swift */; };
		B869E1E4275255B3006CC3F2 /* CharacterSet+Extensions.swift in Sources */ = {isa = PBXBuildFile; fileRef = B869E1C6275255B3006CC3F2 /* CharacterSet+Extensions.swift */; };
		B869E1E5275255B3006CC3F2 /* URLRequest+Extensions.swift in Sources */ = {isa = PBXBuildFile; fileRef = B869E1C7275255B3006CC3F2 /* URLRequest+Extensions.swift */; };
		B869E1E7275255B3006CC3F2 /* Dictionary+Extensions.swift in Sources */ = {isa = PBXBuildFile; fileRef = B869E1C9275255B3006CC3F2 /* Dictionary+Extensions.swift */; };
		B869E1E8275255B3006CC3F2 /* Data+Extensions.swift in Sources */ = {isa = PBXBuildFile; fileRef = B869E1CA275255B3006CC3F2 /* Data+Extensions.swift */; };
		B869E1E9275255B3006CC3F2 /* RequestResponseType.swift in Sources */ = {isa = PBXBuildFile; fileRef = B869E1CC275255B3006CC3F2 /* RequestResponseType.swift */; };
		B869E1EA275255B3006CC3F2 /* JoltNetworkConfigurationInitializer.swift in Sources */ = {isa = PBXBuildFile; fileRef = B869E1CD275255B3006CC3F2 /* JoltNetworkConfigurationInitializer.swift */; };
		B869E1EB275255B3006CC3F2 /* HttpActions.swift in Sources */ = {isa = PBXBuildFile; fileRef = B869E1CE275255B3006CC3F2 /* HttpActions.swift */; };
		B869E1EC275255B3006CC3F2 /* RequestParameterType.swift in Sources */ = {isa = PBXBuildFile; fileRef = B869E1CF275255B3006CC3F2 /* RequestParameterType.swift */; };
		B869E1ED275255B3006CC3F2 /* JoltNetworkErrors.swift in Sources */ = {isa = PBXBuildFile; fileRef = B869E1D0275255B3006CC3F2 /* JoltNetworkErrors.swift */; };
		B869E1EE275255B3006CC3F2 /* RequestConfigs.swift in Sources */ = {isa = PBXBuildFile; fileRef = B869E1D1275255B3006CC3F2 /* RequestConfigs.swift */; };
		B869E1EF275255B3006CC3F2 /* AuthentificationHeader.swift in Sources */ = {isa = PBXBuildFile; fileRef = B869E1D2275255B3006CC3F2 /* AuthentificationHeader.swift */; };
		B869E1F0275255B3006CC3F2 /* FormDataPart.swift in Sources */ = {isa = PBXBuildFile; fileRef = B869E1D3275255B3006CC3F2 /* FormDataPart.swift */; };
		B869E1F1275255B3006CC3F2 /* NetworkSessionHeaderConfiguring.swift in Sources */ = {isa = PBXBuildFile; fileRef = B869E1D5275255B3006CC3F2 /* NetworkSessionHeaderConfiguring.swift */; };
		B869E1F2275255B3006CC3F2 /* JoltNetworkConfigurationInitialising.swift in Sources */ = {isa = PBXBuildFile; fileRef = B869E1D6275255B3006CC3F2 /* JoltNetworkConfigurationInitialising.swift */; };
		B869E1F3275255B3006CC3F2 /* JoltNetworkSettings.swift in Sources */ = {isa = PBXBuildFile; fileRef = B869E1D7275255B3006CC3F2 /* JoltNetworkSettings.swift */; };
		B869E1F4275255B3006CC3F2 /* NetworkSessionAuthentificationConfiguring.swift in Sources */ = {isa = PBXBuildFile; fileRef = B869E1D8275255B3006CC3F2 /* NetworkSessionAuthentificationConfiguring.swift */; };
		B869E1F5275255B3006CC3F2 /* LogConfiguring.swift in Sources */ = {isa = PBXBuildFile; fileRef = B869E1D9275255B3006CC3F2 /* LogConfiguring.swift */; };
		B869E1F6275255B3006CC3F2 /* JoltNetworkServicing.swift in Sources */ = {isa = PBXBuildFile; fileRef = B869E1DA275255B3006CC3F2 /* JoltNetworkServicing.swift */; };
		B869E1F8275255DD006CC3F2 /* APIConfig.swift in Sources */ = {isa = PBXBuildFile; fileRef = B869E1F7275255DD006CC3F2 /* APIConfig.swift */; };
		B869E1FA27525734006CC3F2 /* Bright-Info.plist in Resources */ = {isa = PBXBuildFile; fileRef = B869E1F927525734006CC3F2 /* Bright-Info.plist */; };
		B869E20327528EE2006CC3F2 /* AppThemeConfig.swift in Sources */ = {isa = PBXBuildFile; fileRef = B869E20227528EE2006CC3F2 /* AppThemeConfig.swift */; };
		B869E20E2753B72A006CC3F2 /* UIRepository.swift in Sources */ = {isa = PBXBuildFile; fileRef = B869E20D2753B72A006CC3F2 /* UIRepository.swift */; };
		B869E2142753CF5E006CC3F2 /* Environnement+Values.swift in Sources */ = {isa = PBXBuildFile; fileRef = B869E2132753CF5E006CC3F2 /* Environnement+Values.swift */; };
		B869E2162753DACE006CC3F2 /* Array+Extensions.swift in Sources */ = {isa = PBXBuildFile; fileRef = B869E2152753DACE006CC3F2 /* Array+Extensions.swift */; };
		B869E2192753DCD0006CC3F2 /* UIGrid.swift in Sources */ = {isa = PBXBuildFile; fileRef = B869E2182753DCD0006CC3F2 /* UIGrid.swift */; };
		B869E21B275409FB006CC3F2 /* UIScreen+Extensions.swift in Sources */ = {isa = PBXBuildFile; fileRef = B869E21A275409FB006CC3F2 /* UIScreen+Extensions.swift */; };
		B869E21D27543E73006CC3F2 /* SearchRepository.swift in Sources */ = {isa = PBXBuildFile; fileRef = B869E21C27543E73006CC3F2 /* SearchRepository.swift */; };
		B869E220275446E9006CC3F2 /* FilterCell.swift in Sources */ = {isa = PBXBuildFile; fileRef = B869E21F275446E9006CC3F2 /* FilterCell.swift */; };
		B869E22227544700006CC3F2 /* SearchBar.swift in Sources */ = {isa = PBXBuildFile; fileRef = B869E22127544700006CC3F2 /* SearchBar.swift */; };
		B869E22427544732006CC3F2 /* EmptySearchView.swift in Sources */ = {isa = PBXBuildFile; fileRef = B869E22327544732006CC3F2 /* EmptySearchView.swift */; };
		B8A0624C27523571003601FD /* AppDelegate.swift in Sources */ = {isa = PBXBuildFile; fileRef = B8A0624B27523571003601FD /* AppDelegate.swift */; };
		B8A0624E27523571003601FD /* SceneDelegate.swift in Sources */ = {isa = PBXBuildFile; fileRef = B8A0624D27523571003601FD /* SceneDelegate.swift */; };
		B8A0625227523571003601FD /* Assets.xcassets in Resources */ = {isa = PBXBuildFile; fileRef = B8A0625127523571003601FD /* Assets.xcassets */; };
		B8A0625527523571003601FD /* Preview Assets.xcassets in Resources */ = {isa = PBXBuildFile; fileRef = B8A0625427523571003601FD /* Preview Assets.xcassets */; };
		B8A0625827523571003601FD /* LaunchScreen.storyboard in Resources */ = {isa = PBXBuildFile; fileRef = B8A0625627523571003601FD /* LaunchScreen.storyboard */; };
		B8A0626327523571003601FD /* BrightTests.swift in Sources */ = {isa = PBXBuildFile; fileRef = B8A0626227523571003601FD /* BrightTests.swift */; };
		B8A0626E27523571003601FD /* BrightUITests.swift in Sources */ = {isa = PBXBuildFile; fileRef = B8A0626D27523571003601FD /* BrightUITests.swift */; };
/* End PBXBuildFile section */

/* Begin PBXContainerItemProxy section */
		B8A0625F27523571003601FD /* PBXContainerItemProxy */ = {
			isa = PBXContainerItemProxy;
			containerPortal = B8A0624027523571003601FD /* Project object */;
			proxyType = 1;
			remoteGlobalIDString = B8A0624727523571003601FD;
			remoteInfo = Bright;
		};
		B8A0626A27523571003601FD /* PBXContainerItemProxy */ = {
			isa = PBXContainerItemProxy;
			containerPortal = B8A0624027523571003601FD /* Project object */;
			proxyType = 1;
			remoteGlobalIDString = B8A0624727523571003601FD;
			remoteInfo = Bright;
		};
/* End PBXContainerItemProxy section */

/* Begin PBXFileReference section */
		B869E15E2752390B006CC3F2 /* Tools+Dependencies.swift */ = {isa = PBXFileReference; lastKnownFileType = sourcecode.swift; path = "Tools+Dependencies.swift"; sourceTree = "<group>"; };
		B869E15F2752390B006CC3F2 /* Routing+Dependencies.swift */ = {isa = PBXFileReference; lastKnownFileType = sourcecode.swift; path = "Routing+Dependencies.swift"; sourceTree = "<group>"; };
		B869E1602752390B006CC3F2 /* ViewModels+Dependencies.swift */ = {isa = PBXFileReference; lastKnownFileType = sourcecode.swift; path = "ViewModels+Dependencies.swift"; sourceTree = "<group>"; };
		B869E1612752390B006CC3F2 /* Repositories+Dependencies.swift */ = {isa = PBXFileReference; lastKnownFileType = sourcecode.swift; path = "Repositories+Dependencies.swift"; sourceTree = "<group>"; };
		B869E1622752390B006CC3F2 /* DependenciesRegistration.swift */ = {isa = PBXFileReference; lastKnownFileType = sourcecode.swift; path = DependenciesRegistration.swift; sourceTree = "<group>"; };
		B869E16C275239A1006CC3F2 /* MainCoordinator.swift */ = {isa = PBXFileReference; lastKnownFileType = sourcecode.swift; path = MainCoordinator.swift; sourceTree = "<group>"; };
		B869E17127523A5A006CC3F2 /* DIInjector.swift */ = {isa = PBXFileReference; lastKnownFileType = sourcecode.swift; path = DIInjector.swift; sourceTree = "<group>"; };
		B869E17327523C93006CC3F2 /* MainTabView.swift */ = {isa = PBXFileReference; lastKnownFileType = sourcecode.swift; path = MainTabView.swift; sourceTree = "<group>"; };
		B869E17427523C93006CC3F2 /* MainTabViewModel.swift */ = {isa = PBXFileReference; lastKnownFileType = sourcecode.swift; path = MainTabViewModel.swift; sourceTree = "<group>"; };
		B869E17727523CB0006CC3F2 /* TodayView.swift */ = {isa = PBXFileReference; lastKnownFileType = sourcecode.swift; path = TodayView.swift; sourceTree = "<group>"; };
		B869E17827523CB0006CC3F2 /* TodayViewModel.swift */ = {isa = PBXFileReference; lastKnownFileType = sourcecode.swift; path = TodayViewModel.swift; sourceTree = "<group>"; };
		B869E17B27523CC9006CC3F2 /* DetailView.swift */ = {isa = PBXFileReference; lastKnownFileType = sourcecode.swift; path = DetailView.swift; sourceTree = "<group>"; };
		B869E17C27523CC9006CC3F2 /* DetailViewModel.swift */ = {isa = PBXFileReference; lastKnownFileType = sourcecode.swift; path = DetailViewModel.swift; sourceTree = "<group>"; };
		B869E18027523D2A006CC3F2 /* SearchView.swift */ = {isa = PBXFileReference; lastKnownFileType = sourcecode.swift; path = SearchView.swift; sourceTree = "<group>"; };
		B869E18127523D2A006CC3F2 /* SearchViewModel.swift */ = {isa = PBXFileReference; lastKnownFileType = sourcecode.swift; path = SearchViewModel.swift; sourceTree = "<group>"; };
		B869E18527523FD8006CC3F2 /* View+Extensions.swift */ = {isa = PBXFileReference; lastKnownFileType = sourcecode.swift; path = "View+Extensions.swift"; sourceTree = "<group>"; };
		B869E188275240A4006CC3F2 /* LazyView.swift */ = {isa = PBXFileReference; lastKnownFileType = sourcecode.swift; path = LazyView.swift; sourceTree = "<group>"; };
		B869E18C27524A28006CC3F2 /* Photo.swift */ = {isa = PBXFileReference; lastKnownFileType = sourcecode.swift; path = Photo.swift; sourceTree = "<group>"; };
		B869E18E27524A7A006CC3F2 /* User.swift */ = {isa = PBXFileReference; lastKnownFileType = sourcecode.swift; path = User.swift; sourceTree = "<group>"; };
		B869E19027524B7E006CC3F2 /* PhotoStatistics.swift */ = {isa = PBXFileReference; lastKnownFileType = sourcecode.swift; path = PhotoStatistics.swift; sourceTree = "<group>"; };
		B869E19B27524EB1006CC3F2 /* ImageLoader.swift */ = {isa = PBXFileReference; lastKnownFileType = sourcecode.swift; path = ImageLoader.swift; sourceTree = "<group>"; };
		B869E19D27524ECA006CC3F2 /* ImageCache.swift */ = {isa = PBXFileReference; lastKnownFileType = sourcecode.swift; path = ImageCache.swift; sourceTree = "<group>"; };
		B869E19F27524EFF006CC3F2 /* AsyncImageLoader.swift */ = {isa = PBXFileReference; lastKnownFileType = sourcecode.swift; path = AsyncImageLoader.swift; sourceTree = "<group>"; };
		B869E1A1275252A7006CC3F2 /* Cache.swift */ = {isa = PBXFileReference; lastKnownFileType = sourcecode.swift; path = Cache.swift; sourceTree = "<group>"; };
		B869E1A427525309006CC3F2 /* AppConfig.swift */ = {isa = PBXFileReference; lastKnownFileType = sourcecode.swift; path = AppConfig.swift; sourceTree = "<group>"; };
		B869E1A62752534F006CC3F2 /* PhotoRepository.swift */ = {isa = PBXFileReference; lastKnownFileType = sourcecode.swift; path = PhotoRepository.swift; sourceTree = "<group>"; };
		B869E1A927525363006CC3F2 /* UserRepository.swift */ = {isa = PBXFileReference; lastKnownFileType = sourcecode.swift; path = UserRepository.swift; sourceTree = "<group>"; };
		B869E1AB27525449006CC3F2 /* API.swift */ = {isa = PBXFileReference; lastKnownFileType = sourcecode.swift; path = API.swift; sourceTree = "<group>"; };
		B869E1B6275255B3006CC3F2 /* JoltNetwork.swift */ = {isa = PBXFileReference; fileEncoding = 4; lastKnownFileType = sourcecode.swift; path = JoltNetwork.swift; sourceTree = "<group>"; };
		B869E1B7275255B3006CC3F2 /* JoltNetwork+RequestActions.swift */ = {isa = PBXFileReference; fileEncoding = 4; lastKnownFileType = sourcecode.swift; path = "JoltNetwork+RequestActions.swift"; sourceTree = "<group>"; };
		B869E1BA275255B3006CC3F2 /* Config.swift */ = {isa = PBXFileReference; fileEncoding = 4; lastKnownFileType = sourcecode.swift; path = Config.swift; sourceTree = "<group>"; };
		B869E1BF275255B3006CC3F2 /* RequestLogInfos.swift */ = {isa = PBXFileReference; fileEncoding = 4; lastKnownFileType = sourcecode.swift; path = RequestLogInfos.swift; sourceTree = "<group>"; };
		B869E1C0275255B3006CC3F2 /* LogLevel.swift */ = {isa = PBXFileReference; fileEncoding = 4; lastKnownFileType = sourcecode.swift; path = LogLevel.swift; sourceTree = "<group>"; };
		B869E1C1275255B3006CC3F2 /* JoltLogger.swift */ = {isa = PBXFileReference; fileEncoding = 4; lastKnownFileType = sourcecode.swift; path = JoltLogger.swift; sourceTree = "<group>"; };
		B869E1C3275255B3006CC3F2 /* AnyPublisher+Extensions.swift */ = {isa = PBXFileReference; fileEncoding = 4; lastKnownFileType = sourcecode.swift; path = "AnyPublisher+Extensions.swift"; sourceTree = "<group>"; };
		B869E1C4275255B3006CC3F2 /* String+Extensions.swift */ = {isa = PBXFileReference; fileEncoding = 4; lastKnownFileType = sourcecode.swift; path = "String+Extensions.swift"; sourceTree = "<group>"; };
		B869E1C5275255B3006CC3F2 /* Publisher+Extensions.swift */ = {isa = PBXFileReference; fileEncoding = 4; lastKnownFileType = sourcecode.swift; path = "Publisher+Extensions.swift"; sourceTree = "<group>"; };
		B869E1C6275255B3006CC3F2 /* CharacterSet+Extensions.swift */ = {isa = PBXFileReference; fileEncoding = 4; lastKnownFileType = sourcecode.swift; path = "CharacterSet+Extensions.swift"; sourceTree = "<group>"; };
		B869E1C7275255B3006CC3F2 /* URLRequest+Extensions.swift */ = {isa = PBXFileReference; fileEncoding = 4; lastKnownFileType = sourcecode.swift; path = "URLRequest+Extensions.swift"; sourceTree = "<group>"; };
		B869E1C9275255B3006CC3F2 /* Dictionary+Extensions.swift */ = {isa = PBXFileReference; fileEncoding = 4; lastKnownFileType = sourcecode.swift; path = "Dictionary+Extensions.swift"; sourceTree = "<group>"; };
		B869E1CA275255B3006CC3F2 /* Data+Extensions.swift */ = {isa = PBXFileReference; fileEncoding = 4; lastKnownFileType = sourcecode.swift; path = "Data+Extensions.swift"; sourceTree = "<group>"; };
		B869E1CC275255B3006CC3F2 /* RequestResponseType.swift */ = {isa = PBXFileReference; fileEncoding = 4; lastKnownFileType = sourcecode.swift; path = RequestResponseType.swift; sourceTree = "<group>"; };
		B869E1CD275255B3006CC3F2 /* JoltNetworkConfigurationInitializer.swift */ = {isa = PBXFileReference; fileEncoding = 4; lastKnownFileType = sourcecode.swift; path = JoltNetworkConfigurationInitializer.swift; sourceTree = "<group>"; };
		B869E1CE275255B3006CC3F2 /* HttpActions.swift */ = {isa = PBXFileReference; fileEncoding = 4; lastKnownFileType = sourcecode.swift; path = HttpActions.swift; sourceTree = "<group>"; };
		B869E1CF275255B3006CC3F2 /* RequestParameterType.swift */ = {isa = PBXFileReference; fileEncoding = 4; lastKnownFileType = sourcecode.swift; path = RequestParameterType.swift; sourceTree = "<group>"; };
		B869E1D0275255B3006CC3F2 /* JoltNetworkErrors.swift */ = {isa = PBXFileReference; fileEncoding = 4; lastKnownFileType = sourcecode.swift; path = JoltNetworkErrors.swift; sourceTree = "<group>"; };
		B869E1D1275255B3006CC3F2 /* RequestConfigs.swift */ = {isa = PBXFileReference; fileEncoding = 4; lastKnownFileType = sourcecode.swift; path = RequestConfigs.swift; sourceTree = "<group>"; };
		B869E1D2275255B3006CC3F2 /* AuthentificationHeader.swift */ = {isa = PBXFileReference; fileEncoding = 4; lastKnownFileType = sourcecode.swift; path = AuthentificationHeader.swift; sourceTree = "<group>"; };
		B869E1D3275255B3006CC3F2 /* FormDataPart.swift */ = {isa = PBXFileReference; fileEncoding = 4; lastKnownFileType = sourcecode.swift; path = FormDataPart.swift; sourceTree = "<group>"; };
		B869E1D5275255B3006CC3F2 /* NetworkSessionHeaderConfiguring.swift */ = {isa = PBXFileReference; fileEncoding = 4; lastKnownFileType = sourcecode.swift; path = NetworkSessionHeaderConfiguring.swift; sourceTree = "<group>"; };
		B869E1D6275255B3006CC3F2 /* JoltNetworkConfigurationInitialising.swift */ = {isa = PBXFileReference; fileEncoding = 4; lastKnownFileType = sourcecode.swift; path = JoltNetworkConfigurationInitialising.swift; sourceTree = "<group>"; };
		B869E1D7275255B3006CC3F2 /* JoltNetworkSettings.swift */ = {isa = PBXFileReference; fileEncoding = 4; lastKnownFileType = sourcecode.swift; path = JoltNetworkSettings.swift; sourceTree = "<group>"; };
		B869E1D8275255B3006CC3F2 /* NetworkSessionAuthentificationConfiguring.swift */ = {isa = PBXFileReference; fileEncoding = 4; lastKnownFileType = sourcecode.swift; path = NetworkSessionAuthentificationConfiguring.swift; sourceTree = "<group>"; };
		B869E1D9275255B3006CC3F2 /* LogConfiguring.swift */ = {isa = PBXFileReference; fileEncoding = 4; lastKnownFileType = sourcecode.swift; path = LogConfiguring.swift; sourceTree = "<group>"; };
		B869E1DA275255B3006CC3F2 /* JoltNetworkServicing.swift */ = {isa = PBXFileReference; fileEncoding = 4; lastKnownFileType = sourcecode.swift; path = JoltNetworkServicing.swift; sourceTree = "<group>"; };
		B869E1F7275255DD006CC3F2 /* APIConfig.swift */ = {isa = PBXFileReference; lastKnownFileType = sourcecode.swift; path = APIConfig.swift; sourceTree = "<group>"; };
		B869E1F927525734006CC3F2 /* Bright-Info.plist */ = {isa = PBXFileReference; lastKnownFileType = text.plist.xml; path = "Bright-Info.plist"; sourceTree = "<group>"; };
		B869E20227528EE2006CC3F2 /* AppThemeConfig.swift */ = {isa = PBXFileReference; lastKnownFileType = sourcecode.swift; path = AppThemeConfig.swift; sourceTree = "<group>"; };
		B869E20D2753B72A006CC3F2 /* UIRepository.swift */ = {isa = PBXFileReference; lastKnownFileType = sourcecode.swift; path = UIRepository.swift; sourceTree = "<group>"; };
		B869E2132753CF5E006CC3F2 /* Environnement+Values.swift */ = {isa = PBXFileReference; lastKnownFileType = sourcecode.swift; path = "Environnement+Values.swift"; sourceTree = "<group>"; };
		B869E2152753DACE006CC3F2 /* Array+Extensions.swift */ = {isa = PBXFileReference; lastKnownFileType = sourcecode.swift; path = "Array+Extensions.swift"; sourceTree = "<group>"; };
		B869E2182753DCD0006CC3F2 /* UIGrid.swift */ = {isa = PBXFileReference; lastKnownFileType = sourcecode.swift; path = UIGrid.swift; sourceTree = "<group>"; };
		B869E21A275409FB006CC3F2 /* UIScreen+Extensions.swift */ = {isa = PBXFileReference; lastKnownFileType = sourcecode.swift; path = "UIScreen+Extensions.swift"; sourceTree = "<group>"; };
		B869E21C27543E73006CC3F2 /* SearchRepository.swift */ = {isa = PBXFileReference; lastKnownFileType = sourcecode.swift; path = SearchRepository.swift; sourceTree = "<group>"; };
		B869E21F275446E9006CC3F2 /* FilterCell.swift */ = {isa = PBXFileReference; lastKnownFileType = sourcecode.swift; path = FilterCell.swift; sourceTree = "<group>"; };
		B869E22127544700006CC3F2 /* SearchBar.swift */ = {isa = PBXFileReference; lastKnownFileType = sourcecode.swift; path = SearchBar.swift; sourceTree = "<group>"; };
		B869E22327544732006CC3F2 /* EmptySearchView.swift */ = {isa = PBXFileReference; lastKnownFileType = sourcecode.swift; path = EmptySearchView.swift; sourceTree = "<group>"; };
		B8A0624827523571003601FD /* Bright.app */ = {isa = PBXFileReference; explicitFileType = wrapper.application; includeInIndex = 0; path = Bright.app; sourceTree = BUILT_PRODUCTS_DIR; };
		B8A0624B27523571003601FD /* AppDelegate.swift */ = {isa = PBXFileReference; lastKnownFileType = sourcecode.swift; path = AppDelegate.swift; sourceTree = "<group>"; };
		B8A0624D27523571003601FD /* SceneDelegate.swift */ = {isa = PBXFileReference; lastKnownFileType = sourcecode.swift; path = SceneDelegate.swift; sourceTree = "<group>"; };
		B8A0625127523571003601FD /* Assets.xcassets */ = {isa = PBXFileReference; lastKnownFileType = folder.assetcatalog; path = Assets.xcassets; sourceTree = "<group>"; };
		B8A0625427523571003601FD /* Preview Assets.xcassets */ = {isa = PBXFileReference; lastKnownFileType = folder.assetcatalog; path = "Preview Assets.xcassets"; sourceTree = "<group>"; };
		B8A0625727523571003601FD /* Base */ = {isa = PBXFileReference; lastKnownFileType = file.storyboard; name = Base; path = Base.lproj/LaunchScreen.storyboard; sourceTree = "<group>"; };
		B8A0625927523571003601FD /* Info.plist */ = {isa = PBXFileReference; lastKnownFileType = text.plist.xml; path = Info.plist; sourceTree = "<group>"; };
		B8A0625E27523571003601FD /* BrightTests.xctest */ = {isa = PBXFileReference; explicitFileType = wrapper.cfbundle; includeInIndex = 0; path = BrightTests.xctest; sourceTree = BUILT_PRODUCTS_DIR; };
		B8A0626227523571003601FD /* BrightTests.swift */ = {isa = PBXFileReference; lastKnownFileType = sourcecode.swift; path = BrightTests.swift; sourceTree = "<group>"; };
		B8A0626427523571003601FD /* Info.plist */ = {isa = PBXFileReference; lastKnownFileType = text.plist.xml; path = Info.plist; sourceTree = "<group>"; };
		B8A0626927523571003601FD /* BrightUITests.xctest */ = {isa = PBXFileReference; explicitFileType = wrapper.cfbundle; includeInIndex = 0; path = BrightUITests.xctest; sourceTree = BUILT_PRODUCTS_DIR; };
		B8A0626D27523571003601FD /* BrightUITests.swift */ = {isa = PBXFileReference; lastKnownFileType = sourcecode.swift; path = BrightUITests.swift; sourceTree = "<group>"; };
		B8A0626F27523571003601FD /* Info.plist */ = {isa = PBXFileReference; lastKnownFileType = text.plist.xml; path = Info.plist; sourceTree = "<group>"; };
/* End PBXFileReference section */

/* Begin PBXFrameworksBuildPhase section */
		B8A0624527523571003601FD /* Frameworks */ = {
			isa = PBXFrameworksBuildPhase;
			buildActionMask = 2147483647;
			files = (
			);
			runOnlyForDeploymentPostprocessing = 0;
		};
		B8A0625B27523571003601FD /* Frameworks */ = {
			isa = PBXFrameworksBuildPhase;
			buildActionMask = 2147483647;
			files = (
			);
			runOnlyForDeploymentPostprocessing = 0;
		};
		B8A0626627523571003601FD /* Frameworks */ = {
			isa = PBXFrameworksBuildPhase;
			buildActionMask = 2147483647;
			files = (
			);
			runOnlyForDeploymentPostprocessing = 0;
		};
/* End PBXFrameworksBuildPhase section */

/* Begin PBXGroup section */
		B869E1582752383E006CC3F2 /* App */ = {
			isa = PBXGroup;
			children = (
				B8A0624B27523571003601FD /* AppDelegate.swift */,
				B8A0624D27523571003601FD /* SceneDelegate.swift */,
				B8A0625627523571003601FD /* LaunchScreen.storyboard */,
				B8A0625927523571003601FD /* Info.plist */,
				B8A0625327523571003601FD /* Preview Content */,
				B869E15C27523861006CC3F2 /* Ressources */,
			);
			path = App;
			sourceTree = "<group>";
		};
		B869E15927523845006CC3F2 /* AppManagement */ = {
			isa = PBXGroup;
			children = (
				B869E1A3275252E5006CC3F2 /* Configurations */,
				B869E16A27523961006CC3F2 /* DependencyInjector */,
				B869E16B2752397C006CC3F2 /* Routing */,
			);
			path = AppManagement;
			sourceTree = "<group>";
		};
		B869E15A2752384F006CC3F2 /* Common */ = {
			isa = PBXGroup;
			children = (
				B869E2122753CEFF006CC3F2 /* Environnement */,
				B869E18B275249DB006CC3F2 /* Repositories */,
				B869E18A275249CD006CC3F2 /* Models */,
				B869E18727524094006CC3F2 /* UIElements */,
				B869E18427523FB6006CC3F2 /* Extensions */,
				B869E1682752391C006CC3F2 /* Utils */,
			);
			path = Common;
			sourceTree = "<group>";
		};
		B869E15B27523857006CC3F2 /* Scenes */ = {
			isa = PBXGroup;
			children = (
				B869E17F27523D10006CC3F2 /* SearchView */,
				B869E170275239FF006CC3F2 /* DetailView */,
				B869E16F275239F5006CC3F2 /* TodayView */,
				B869E16E275239D4006CC3F2 /* MainTabView */,
			);
			path = Scenes;
			sourceTree = "<group>";
		};
		B869E15C27523861006CC3F2 /* Ressources */ = {
			isa = PBXGroup;
			children = (
				B8A0625127523571003601FD /* Assets.xcassets */,
			);
			path = Ressources;
			sourceTree = "<group>";
		};
		B869E1682752391C006CC3F2 /* Utils */ = {
			isa = PBXGroup;
			children = (
				B869E19827524D6B006CC3F2 /* ImageDownloader */,
				B869E19727524D63006CC3F2 /* Cache */,
				B869E19227524CE2006CC3F2 /* Network */,
				B869E16927523943006CC3F2 /* DIInjector */,
			);
			path = Utils;
			sourceTree = "<group>";
		};
		B869E16927523943006CC3F2 /* DIInjector */ = {
			isa = PBXGroup;
			children = (
				B869E17127523A5A006CC3F2 /* DIInjector.swift */,
			);
			path = DIInjector;
			sourceTree = "<group>";
		};
		B869E16A27523961006CC3F2 /* DependencyInjector */ = {
			isa = PBXGroup;
			children = (
				B869E15E2752390B006CC3F2 /* Tools+Dependencies.swift */,
				B869E15F2752390B006CC3F2 /* Routing+Dependencies.swift */,
				B869E1602752390B006CC3F2 /* ViewModels+Dependencies.swift */,
				B869E1612752390B006CC3F2 /* Repositories+Dependencies.swift */,
				B869E1622752390B006CC3F2 /* DependenciesRegistration.swift */,
			);
			path = DependencyInjector;
			sourceTree = "<group>";
		};
		B869E16B2752397C006CC3F2 /* Routing */ = {
			isa = PBXGroup;
			children = (
				B869E16C275239A1006CC3F2 /* MainCoordinator.swift */,
			);
			path = Routing;
			sourceTree = "<group>";
		};
		B869E16E275239D4006CC3F2 /* MainTabView */ = {
			isa = PBXGroup;
			children = (
				B869E17327523C93006CC3F2 /* MainTabView.swift */,
				B869E17427523C93006CC3F2 /* MainTabViewModel.swift */,
			);
			path = MainTabView;
			sourceTree = "<group>";
		};
		B869E16F275239F5006CC3F2 /* TodayView */ = {
			isa = PBXGroup;
			children = (
				B869E17727523CB0006CC3F2 /* TodayView.swift */,
				B869E17827523CB0006CC3F2 /* TodayViewModel.swift */,
			);
			path = TodayView;
			sourceTree = "<group>";
		};
		B869E170275239FF006CC3F2 /* DetailView */ = {
			isa = PBXGroup;
			children = (
				B869E17B27523CC9006CC3F2 /* DetailView.swift */,
				B869E17C27523CC9006CC3F2 /* DetailViewModel.swift */,
			);
			path = DetailView;
			sourceTree = "<group>";
		};
		B869E17F27523D10006CC3F2 /* SearchView */ = {
			isa = PBXGroup;
			children = (
				B869E21E275446DD006CC3F2 /* UIElements */,
				B869E18027523D2A006CC3F2 /* SearchView.swift */,
				B869E18127523D2A006CC3F2 /* SearchViewModel.swift */,
			);
			path = SearchView;
			sourceTree = "<group>";
		};
		B869E18427523FB6006CC3F2 /* Extensions */ = {
			isa = PBXGroup;
			children = (
				B869E1C3275255B3006CC3F2 /* AnyPublisher+Extensions.swift */,
				B869E1C4275255B3006CC3F2 /* String+Extensions.swift */,
				B869E1C5275255B3006CC3F2 /* Publisher+Extensions.swift */,
				B869E1C6275255B3006CC3F2 /* CharacterSet+Extensions.swift */,
				B869E1C7275255B3006CC3F2 /* URLRequest+Extensions.swift */,
				B869E1C9275255B3006CC3F2 /* Dictionary+Extensions.swift */,
				B869E1CA275255B3006CC3F2 /* Data+Extensions.swift */,
				B869E18527523FD8006CC3F2 /* View+Extensions.swift */,
				B869E2152753DACE006CC3F2 /* Array+Extensions.swift */,
				B869E21A275409FB006CC3F2 /* UIScreen+Extensions.swift */,
			);
			path = Extensions;
			sourceTree = "<group>";
		};
		B869E18727524094006CC3F2 /* UIElements */ = {
			isa = PBXGroup;
			children = (
				B869E188275240A4006CC3F2 /* LazyView.swift */,
				B869E2182753DCD0006CC3F2 /* UIGrid.swift */,
			);
			path = UIElements;
			sourceTree = "<group>";
		};
		B869E18A275249CD006CC3F2 /* Models */ = {
			isa = PBXGroup;
			children = (
				B869E18C27524A28006CC3F2 /* Photo.swift */,
				B869E18E27524A7A006CC3F2 /* User.swift */,
				B869E19027524B7E006CC3F2 /* PhotoStatistics.swift */,
			);
			path = Models;
			sourceTree = "<group>";
		};
		B869E18B275249DB006CC3F2 /* Repositories */ = {
			isa = PBXGroup;
			children = (
				B869E1A62752534F006CC3F2 /* PhotoRepository.swift */,
				B869E1A927525363006CC3F2 /* UserRepository.swift */,
				B869E20D2753B72A006CC3F2 /* UIRepository.swift */,
				B869E21C27543E73006CC3F2 /* SearchRepository.swift */,
			);
			path = Repositories;
			sourceTree = "<group>";
		};
		B869E19227524CE2006CC3F2 /* Network */ = {
			isa = PBXGroup;
			children = (
				B869E1B8275255B3006CC3F2 /* Common */,
				B869E1B5275255B3006CC3F2 /* Network */,
				B869E1AB27525449006CC3F2 /* API.swift */,
				B869E1F7275255DD006CC3F2 /* APIConfig.swift */,
			);
			path = Network;
			sourceTree = "<group>";
		};
		B869E19727524D63006CC3F2 /* Cache */ = {
			isa = PBXGroup;
			children = (
				B869E1A1275252A7006CC3F2 /* Cache.swift */,
			);
			path = Cache;
			sourceTree = "<group>";
		};
		B869E19827524D6B006CC3F2 /* ImageDownloader */ = {
			isa = PBXGroup;
			children = (
				B869E19B27524EB1006CC3F2 /* ImageLoader.swift */,
				B869E19D27524ECA006CC3F2 /* ImageCache.swift */,
				B869E19F27524EFF006CC3F2 /* AsyncImageLoader.swift */,
			);
			path = ImageDownloader;
			sourceTree = "<group>";
		};
		B869E1A3275252E5006CC3F2 /* Configurations */ = {
			isa = PBXGroup;
			children = (
				B869E1A427525309006CC3F2 /* AppConfig.swift */,
				B869E1F927525734006CC3F2 /* Bright-Info.plist */,
				B869E20227528EE2006CC3F2 /* AppThemeConfig.swift */,
			);
			path = Configurations;
			sourceTree = "<group>";
		};
		B869E1B5275255B3006CC3F2 /* Network */ = {
			isa = PBXGroup;
			children = (
				B869E1B6275255B3006CC3F2 /* JoltNetwork.swift */,
				B869E1B7275255B3006CC3F2 /* JoltNetwork+RequestActions.swift */,
			);
			path = Network;
			sourceTree = "<group>";
		};
		B869E1B8275255B3006CC3F2 /* Common */ = {
			isa = PBXGroup;
			children = (
				B869E1B9275255B3006CC3F2 /* Configurations */,
				B869E1BB275255B3006CC3F2 /* Utils */,
				B869E1CB275255B3006CC3F2 /* Models+Enums */,
				B869E1D4275255B3006CC3F2 /* Protocols */,
			);
			path = Common;
			sourceTree = "<group>";
		};
		B869E1B9275255B3006CC3F2 /* Configurations */ = {
			isa = PBXGroup;
			children = (
				B869E1BA275255B3006CC3F2 /* Config.swift */,
			);
			path = Configurations;
			sourceTree = "<group>";
		};
		B869E1BB275255B3006CC3F2 /* Utils */ = {
			isa = PBXGroup;
			children = (
				B869E1BC275255B3006CC3F2 /* Tools */,
			);
			path = Utils;
			sourceTree = "<group>";
		};
		B869E1BC275255B3006CC3F2 /* Tools */ = {
			isa = PBXGroup;
			children = (
				B869E1BD275255B3006CC3F2 /* Logger */,
			);
			path = Tools;
			sourceTree = "<group>";
		};
		B869E1BD275255B3006CC3F2 /* Logger */ = {
			isa = PBXGroup;
			children = (
				B869E1BE275255B3006CC3F2 /* Models */,
				B869E1C0275255B3006CC3F2 /* LogLevel.swift */,
				B869E1C1275255B3006CC3F2 /* JoltLogger.swift */,
			);
			path = Logger;
			sourceTree = "<group>";
		};
		B869E1BE275255B3006CC3F2 /* Models */ = {
			isa = PBXGroup;
			children = (
				B869E1BF275255B3006CC3F2 /* RequestLogInfos.swift */,
			);
			path = Models;
			sourceTree = "<group>";
		};
		B869E1CB275255B3006CC3F2 /* Models+Enums */ = {
			isa = PBXGroup;
			children = (
				B869E1CC275255B3006CC3F2 /* RequestResponseType.swift */,
				B869E1CD275255B3006CC3F2 /* JoltNetworkConfigurationInitializer.swift */,
				B869E1CE275255B3006CC3F2 /* HttpActions.swift */,
				B869E1CF275255B3006CC3F2 /* RequestParameterType.swift */,
				B869E1D0275255B3006CC3F2 /* JoltNetworkErrors.swift */,
				B869E1D1275255B3006CC3F2 /* RequestConfigs.swift */,
				B869E1D2275255B3006CC3F2 /* AuthentificationHeader.swift */,
				B869E1D3275255B3006CC3F2 /* FormDataPart.swift */,
			);
			path = "Models+Enums";
			sourceTree = "<group>";
		};
		B869E1D4275255B3006CC3F2 /* Protocols */ = {
			isa = PBXGroup;
			children = (
				B869E1D5275255B3006CC3F2 /* NetworkSessionHeaderConfiguring.swift */,
				B869E1D6275255B3006CC3F2 /* JoltNetworkConfigurationInitialising.swift */,
				B869E1D7275255B3006CC3F2 /* JoltNetworkSettings.swift */,
				B869E1D8275255B3006CC3F2 /* NetworkSessionAuthentificationConfiguring.swift */,
				B869E1D9275255B3006CC3F2 /* LogConfiguring.swift */,
				B869E1DA275255B3006CC3F2 /* JoltNetworkServicing.swift */,
			);
			path = Protocols;
			sourceTree = "<group>";
		};
		B869E2122753CEFF006CC3F2 /* Environnement */ = {
			isa = PBXGroup;
			children = (
				B869E2132753CF5E006CC3F2 /* Environnement+Values.swift */,
			);
			path = Environnement;
			sourceTree = "<group>";
		};
		B869E21E275446DD006CC3F2 /* UIElements */ = {
			isa = PBXGroup;
			children = (
				B869E21F275446E9006CC3F2 /* FilterCell.swift */,
				B869E22127544700006CC3F2 /* SearchBar.swift */,
				B869E22327544732006CC3F2 /* EmptySearchView.swift */,
			);
			path = UIElements;
			sourceTree = "<group>";
		};
		B8A0623F27523571003601FD = {
			isa = PBXGroup;
			children = (
				B8A0624A27523571003601FD /* Bright */,
				B8A0626127523571003601FD /* BrightTests */,
				B8A0626C27523571003601FD /* BrightUITests */,
				B8A0624927523571003601FD /* Products */,
			);
			sourceTree = "<group>";
		};
		B8A0624927523571003601FD /* Products */ = {
			isa = PBXGroup;
			children = (
				B8A0624827523571003601FD /* Bright.app */,
				B8A0625E27523571003601FD /* BrightTests.xctest */,
				B8A0626927523571003601FD /* BrightUITests.xctest */,
			);
			name = Products;
			sourceTree = "<group>";
		};
		B8A0624A27523571003601FD /* Bright */ = {
			isa = PBXGroup;
			children = (
				B869E1582752383E006CC3F2 /* App */,
				B869E15927523845006CC3F2 /* AppManagement */,
				B869E15A2752384F006CC3F2 /* Common */,
				B869E15B27523857006CC3F2 /* Scenes */,
			);
			path = Bright;
			sourceTree = "<group>";
		};
		B8A0625327523571003601FD /* Preview Content */ = {
			isa = PBXGroup;
			children = (
				B8A0625427523571003601FD /* Preview Assets.xcassets */,
			);
			path = "Preview Content";
			sourceTree = "<group>";
		};
		B8A0626127523571003601FD /* BrightTests */ = {
			isa = PBXGroup;
			children = (
				B8A0626227523571003601FD /* BrightTests.swift */,
				B8A0626427523571003601FD /* Info.plist */,
			);
			path = BrightTests;
			sourceTree = "<group>";
		};
		B8A0626C27523571003601FD /* BrightUITests */ = {
			isa = PBXGroup;
			children = (
				B8A0626D27523571003601FD /* BrightUITests.swift */,
				B8A0626F27523571003601FD /* Info.plist */,
			);
			path = BrightUITests;
			sourceTree = "<group>";
		};
/* End PBXGroup section */

/* Begin PBXNativeTarget section */
		B8A0624727523571003601FD /* Bright */ = {
			isa = PBXNativeTarget;
			buildConfigurationList = B8A0627227523571003601FD /* Build configuration list for PBXNativeTarget "Bright" */;
			buildPhases = (
				B8A0624427523571003601FD /* Sources */,
				B8A0624527523571003601FD /* Frameworks */,
				B8A0624627523571003601FD /* Resources */,
			);
			buildRules = (
			);
			dependencies = (
			);
			name = Bright;
			packageProductDependencies = (
			);
			productName = Bright;
			productReference = B8A0624827523571003601FD /* Bright.app */;
			productType = "com.apple.product-type.application";
		};
		B8A0625D27523571003601FD /* BrightTests */ = {
			isa = PBXNativeTarget;
			buildConfigurationList = B8A0627527523571003601FD /* Build configuration list for PBXNativeTarget "BrightTests" */;
			buildPhases = (
				B8A0625A27523571003601FD /* Sources */,
				B8A0625B27523571003601FD /* Frameworks */,
				B8A0625C27523571003601FD /* Resources */,
			);
			buildRules = (
			);
			dependencies = (
				B8A0626027523571003601FD /* PBXTargetDependency */,
			);
			name = BrightTests;
			productName = BrightTests;
			productReference = B8A0625E27523571003601FD /* BrightTests.xctest */;
			productType = "com.apple.product-type.bundle.unit-test";
		};
		B8A0626827523571003601FD /* BrightUITests */ = {
			isa = PBXNativeTarget;
			buildConfigurationList = B8A0627827523571003601FD /* Build configuration list for PBXNativeTarget "BrightUITests" */;
			buildPhases = (
				B8A0626527523571003601FD /* Sources */,
				B8A0626627523571003601FD /* Frameworks */,
				B8A0626727523571003601FD /* Resources */,
			);
			buildRules = (
			);
			dependencies = (
				B8A0626B27523571003601FD /* PBXTargetDependency */,
			);
			name = BrightUITests;
			productName = BrightUITests;
			productReference = B8A0626927523571003601FD /* BrightUITests.xctest */;
			productType = "com.apple.product-type.bundle.ui-testing";
		};
/* End PBXNativeTarget section */

/* Begin PBXProject section */
		B8A0624027523571003601FD /* Project object */ = {
			isa = PBXProject;
			attributes = {
				LastSwiftUpdateCheck = 1250;
				LastUpgradeCheck = 1250;
				TargetAttributes = {
					B8A0624727523571003601FD = {
						CreatedOnToolsVersion = 12.5.1;
					};
					B8A0625D27523571003601FD = {
						CreatedOnToolsVersion = 12.5.1;
						TestTargetID = B8A0624727523571003601FD;
					};
					B8A0626827523571003601FD = {
						CreatedOnToolsVersion = 12.5.1;
						TestTargetID = B8A0624727523571003601FD;
					};
				};
			};
			buildConfigurationList = B8A0624327523571003601FD /* Build configuration list for PBXProject "Bright" */;
			compatibilityVersion = "Xcode 9.3";
			developmentRegion = en;
			hasScannedForEncodings = 0;
			knownRegions = (
				en,
				Base,
			);
			mainGroup = B8A0623F27523571003601FD;
			packageReferences = (
			);
			productRefGroup = B8A0624927523571003601FD /* Products */;
			projectDirPath = "";
			projectRoot = "";
			targets = (
				B8A0624727523571003601FD /* Bright */,
				B8A0625D27523571003601FD /* BrightTests */,
				B8A0626827523571003601FD /* BrightUITests */,
			);
		};
/* End PBXProject section */

/* Begin PBXResourcesBuildPhase section */
		B8A0624627523571003601FD /* Resources */ = {
			isa = PBXResourcesBuildPhase;
			buildActionMask = 2147483647;
			files = (
				B869E1FA27525734006CC3F2 /* Bright-Info.plist in Resources */,
				B8A0625827523571003601FD /* LaunchScreen.storyboard in Resources */,
				B8A0625527523571003601FD /* Preview Assets.xcassets in Resources */,
				B8A0625227523571003601FD /* Assets.xcassets in Resources */,
			);
			runOnlyForDeploymentPostprocessing = 0;
		};
		B8A0625C27523571003601FD /* Resources */ = {
			isa = PBXResourcesBuildPhase;
			buildActionMask = 2147483647;
			files = (
			);
			runOnlyForDeploymentPostprocessing = 0;
		};
		B8A0626727523571003601FD /* Resources */ = {
			isa = PBXResourcesBuildPhase;
			buildActionMask = 2147483647;
			files = (
			);
			runOnlyForDeploymentPostprocessing = 0;
		};
/* End PBXResourcesBuildPhase section */

/* Begin PBXSourcesBuildPhase section */
		B8A0624427523571003601FD /* Sources */ = {
			isa = PBXSourcesBuildPhase;
			buildActionMask = 2147483647;
			files = (
				B869E1F4275255B3006CC3F2 /* NetworkSessionAuthentificationConfiguring.swift in Sources */,
				B869E2192753DCD0006CC3F2 /* UIGrid.swift in Sources */,
				B869E189275240A4006CC3F2 /* LazyView.swift in Sources */,
				B869E1E2275255B3006CC3F2 /* String+Extensions.swift in Sources */,
				B869E19127524B7E006CC3F2 /* PhotoStatistics.swift in Sources */,
				B869E17227523A5A006CC3F2 /* DIInjector.swift in Sources */,
				B869E1F1275255B3006CC3F2 /* NetworkSessionHeaderConfiguring.swift in Sources */,
				B869E1642752390B006CC3F2 /* Routing+Dependencies.swift in Sources */,
				B8A0624C27523571003601FD /* AppDelegate.swift in Sources */,
				B869E18D27524A28006CC3F2 /* Photo.swift in Sources */,
				B869E20E2753B72A006CC3F2 /* UIRepository.swift in Sources */,
				B8A0624E27523571003601FD /* SceneDelegate.swift in Sources */,
				B869E22427544732006CC3F2 /* EmptySearchView.swift in Sources */,
				B869E1DF275255B3006CC3F2 /* LogLevel.swift in Sources */,
				B869E1E0275255B3006CC3F2 /* JoltLogger.swift in Sources */,
				B869E1EF275255B3006CC3F2 /* AuthentificationHeader.swift in Sources */,
				B869E1F8275255DD006CC3F2 /* APIConfig.swift in Sources */,
				B869E1672752390B006CC3F2 /* DependenciesRegistration.swift in Sources */,
				B869E1EB275255B3006CC3F2 /* HttpActions.swift in Sources */,
				B869E21B275409FB006CC3F2 /* UIScreen+Extensions.swift in Sources */,
				B869E17627523C93006CC3F2 /* MainTabViewModel.swift in Sources */,
				B869E1E9275255B3006CC3F2 /* RequestResponseType.swift in Sources */,
				B869E1A2275252A7006CC3F2 /* Cache.swift in Sources */,
				B869E1E3275255B3006CC3F2 /* Publisher+Extensions.swift in Sources */,
				B869E19E27524ECA006CC3F2 /* ImageCache.swift in Sources */,
				B869E2162753DACE006CC3F2 /* Array+Extensions.swift in Sources */,
				B869E1EA275255B3006CC3F2 /* JoltNetworkConfigurationInitializer.swift in Sources */,
				B869E1DE275255B3006CC3F2 /* RequestLogInfos.swift in Sources */,
				B869E18327523D2A006CC3F2 /* SearchViewModel.swift in Sources */,
				B869E18227523D2A006CC3F2 /* SearchView.swift in Sources */,
				B869E1E4275255B3006CC3F2 /* CharacterSet+Extensions.swift in Sources */,
				B869E17927523CB0006CC3F2 /* TodayView.swift in Sources */,
				B869E1F5275255B3006CC3F2 /* LogConfiguring.swift in Sources */,
				B869E1DB275255B3006CC3F2 /* JoltNetwork.swift in Sources */,
				B869E17527523C93006CC3F2 /* MainTabView.swift in Sources */,
				B869E19C27524EB1006CC3F2 /* ImageLoader.swift in Sources */,
				B869E1F6275255B3006CC3F2 /* JoltNetworkServicing.swift in Sources */,
				B869E1A527525309006CC3F2 /* AppConfig.swift in Sources */,
				B869E17A27523CB0006CC3F2 /* TodayViewModel.swift in Sources */,
				B869E18627523FD8006CC3F2 /* View+Extensions.swift in Sources */,
				B869E2142753CF5E006CC3F2 /* Environnement+Values.swift in Sources */,
				B869E1DD275255B3006CC3F2 /* Config.swift in Sources */,
				B869E1652752390B006CC3F2 /* ViewModels+Dependencies.swift in Sources */,
				B869E1662752390B006CC3F2 /* Repositories+Dependencies.swift in Sources */,
				B869E1A72752534F006CC3F2 /* PhotoRepository.swift in Sources */,
				B869E1AC27525449006CC3F2 /* API.swift in Sources */,
				B869E1F2275255B3006CC3F2 /* JoltNetworkConfigurationInitialising.swift in Sources */,
				B869E1E1275255B3006CC3F2 /* AnyPublisher+Extensions.swift in Sources */,
				B869E1F3275255B3006CC3F2 /* JoltNetworkSettings.swift in Sources */,
				B869E22227544700006CC3F2 /* SearchBar.swift in Sources */,
				B869E1632752390B006CC3F2 /* Tools+Dependencies.swift in Sources */,
				B869E1EC275255B3006CC3F2 /* RequestParameterType.swift in Sources */,
				B869E1AA27525363006CC3F2 /* UserRepository.swift in Sources */,
				B869E16D275239A1006CC3F2 /* MainCoordinator.swift in Sources */,
				B869E17D27523CC9006CC3F2 /* DetailView.swift in Sources */,
				B869E1F0275255B3006CC3F2 /* FormDataPart.swift in Sources */,
				B869E17E27523CC9006CC3F2 /* DetailViewModel.swift in Sources */,
				B869E1E8275255B3006CC3F2 /* Data+Extensions.swift in Sources */,
				B869E220275446E9006CC3F2 /* FilterCell.swift in Sources */,
				B869E21D27543E73006CC3F2 /* SearchRepository.swift in Sources */,
				B869E1ED275255B3006CC3F2 /* JoltNetworkErrors.swift in Sources */,
				B869E18F27524A7A006CC3F2 /* User.swift in Sources */,
				B869E1E5275255B3006CC3F2 /* URLRequest+Extensions.swift in Sources */,
				B869E1A027524EFF006CC3F2 /* AsyncImageLoader.swift in Sources */,
				B869E1EE275255B3006CC3F2 /* RequestConfigs.swift in Sources */,
				B869E1DC275255B3006CC3F2 /* JoltNetwork+RequestActions.swift in Sources */,
				B869E20327528EE2006CC3F2 /* AppThemeConfig.swift in Sources */,
				B869E1E7275255B3006CC3F2 /* Dictionary+Extensions.swift in Sources */,
			);
			runOnlyForDeploymentPostprocessing = 0;
		};
		B8A0625A27523571003601FD /* Sources */ = {
			isa = PBXSourcesBuildPhase;
			buildActionMask = 2147483647;
			files = (
				B8A0626327523571003601FD /* BrightTests.swift in Sources */,
			);
			runOnlyForDeploymentPostprocessing = 0;
		};
		B8A0626527523571003601FD /* Sources */ = {
			isa = PBXSourcesBuildPhase;
			buildActionMask = 2147483647;
			files = (
				B8A0626E27523571003601FD /* BrightUITests.swift in Sources */,
			);
			runOnlyForDeploymentPostprocessing = 0;
		};
/* End PBXSourcesBuildPhase section */

/* Begin PBXTargetDependency section */
		B8A0626027523571003601FD /* PBXTargetDependency */ = {
			isa = PBXTargetDependency;
			target = B8A0624727523571003601FD /* Bright */;
			targetProxy = B8A0625F27523571003601FD /* PBXContainerItemProxy */;
		};
		B8A0626B27523571003601FD /* PBXTargetDependency */ = {
			isa = PBXTargetDependency;
			target = B8A0624727523571003601FD /* Bright */;
			targetProxy = B8A0626A27523571003601FD /* PBXContainerItemProxy */;
		};
/* End PBXTargetDependency section */

/* Begin PBXVariantGroup section */
		B8A0625627523571003601FD /* LaunchScreen.storyboard */ = {
			isa = PBXVariantGroup;
			children = (
				B8A0625727523571003601FD /* Base */,
			);
			name = LaunchScreen.storyboard;
			sourceTree = "<group>";
		};
/* End PBXVariantGroup section */

/* Begin XCBuildConfiguration section */
		B8A0627027523571003601FD /* Debug */ = {
			isa = XCBuildConfiguration;
			buildSettings = {
				ALWAYS_SEARCH_USER_PATHS = NO;
				CLANG_ANALYZER_NONNULL = YES;
				CLANG_ANALYZER_NUMBER_OBJECT_CONVERSION = YES_AGGRESSIVE;
				CLANG_CXX_LANGUAGE_STANDARD = "gnu++14";
				CLANG_CXX_LIBRARY = "libc++";
				CLANG_ENABLE_MODULES = YES;
				CLANG_ENABLE_OBJC_ARC = YES;
				CLANG_ENABLE_OBJC_WEAK = YES;
				CLANG_WARN_BLOCK_CAPTURE_AUTORELEASING = YES;
				CLANG_WARN_BOOL_CONVERSION = YES;
				CLANG_WARN_COMMA = YES;
				CLANG_WARN_CONSTANT_CONVERSION = YES;
				CLANG_WARN_DEPRECATED_OBJC_IMPLEMENTATIONS = YES;
				CLANG_WARN_DIRECT_OBJC_ISA_USAGE = YES_ERROR;
				CLANG_WARN_DOCUMENTATION_COMMENTS = YES;
				CLANG_WARN_EMPTY_BODY = YES;
				CLANG_WARN_ENUM_CONVERSION = YES;
				CLANG_WARN_INFINITE_RECURSION = YES;
				CLANG_WARN_INT_CONVERSION = YES;
				CLANG_WARN_NON_LITERAL_NULL_CONVERSION = YES;
				CLANG_WARN_OBJC_IMPLICIT_RETAIN_SELF = YES;
				CLANG_WARN_OBJC_LITERAL_CONVERSION = YES;
				CLANG_WARN_OBJC_ROOT_CLASS = YES_ERROR;
				CLANG_WARN_QUOTED_INCLUDE_IN_FRAMEWORK_HEADER = YES;
				CLANG_WARN_RANGE_LOOP_ANALYSIS = YES;
				CLANG_WARN_STRICT_PROTOTYPES = YES;
				CLANG_WARN_SUSPICIOUS_MOVE = YES;
				CLANG_WARN_UNGUARDED_AVAILABILITY = YES_AGGRESSIVE;
				CLANG_WARN_UNREACHABLE_CODE = YES;
				CLANG_WARN__DUPLICATE_METHOD_MATCH = YES;
				COPY_PHASE_STRIP = NO;
				DEBUG_INFORMATION_FORMAT = dwarf;
				ENABLE_STRICT_OBJC_MSGSEND = YES;
				ENABLE_TESTABILITY = YES;
				GCC_C_LANGUAGE_STANDARD = gnu11;
				GCC_DYNAMIC_NO_PIC = NO;
				GCC_NO_COMMON_BLOCKS = YES;
				GCC_OPTIMIZATION_LEVEL = 0;
				GCC_PREPROCESSOR_DEFINITIONS = (
					"DEBUG=1",
					"$(inherited)",
				);
				GCC_WARN_64_TO_32_BIT_CONVERSION = YES;
				GCC_WARN_ABOUT_RETURN_TYPE = YES_ERROR;
				GCC_WARN_UNDECLARED_SELECTOR = YES;
				GCC_WARN_UNINITIALIZED_AUTOS = YES_AGGRESSIVE;
				GCC_WARN_UNUSED_FUNCTION = YES;
				GCC_WARN_UNUSED_VARIABLE = YES;
				IPHONEOS_DEPLOYMENT_TARGET = 13.0;
				MTL_ENABLE_DEBUG_INFO = INCLUDE_SOURCE;
				MTL_FAST_MATH = YES;
				ONLY_ACTIVE_ARCH = YES;
				SDKROOT = iphoneos;
				SWIFT_ACTIVE_COMPILATION_CONDITIONS = DEBUG;
				SWIFT_OPTIMIZATION_LEVEL = "-Onone";
			};
			name = Debug;
		};
		B8A0627127523571003601FD /* Release */ = {
			isa = XCBuildConfiguration;
			buildSettings = {
				ALWAYS_SEARCH_USER_PATHS = NO;
				CLANG_ANALYZER_NONNULL = YES;
				CLANG_ANALYZER_NUMBER_OBJECT_CONVERSION = YES_AGGRESSIVE;
				CLANG_CXX_LANGUAGE_STANDARD = "gnu++14";
				CLANG_CXX_LIBRARY = "libc++";
				CLANG_ENABLE_MODULES = YES;
				CLANG_ENABLE_OBJC_ARC = YES;
				CLANG_ENABLE_OBJC_WEAK = YES;
				CLANG_WARN_BLOCK_CAPTURE_AUTORELEASING = YES;
				CLANG_WARN_BOOL_CONVERSION = YES;
				CLANG_WARN_COMMA = YES;
				CLANG_WARN_CONSTANT_CONVERSION = YES;
				CLANG_WARN_DEPRECATED_OBJC_IMPLEMENTATIONS = YES;
				CLANG_WARN_DIRECT_OBJC_ISA_USAGE = YES_ERROR;
				CLANG_WARN_DOCUMENTATION_COMMENTS = YES;
				CLANG_WARN_EMPTY_BODY = YES;
				CLANG_WARN_ENUM_CONVERSION = YES;
				CLANG_WARN_INFINITE_RECURSION = YES;
				CLANG_WARN_INT_CONVERSION = YES;
				CLANG_WARN_NON_LITERAL_NULL_CONVERSION = YES;
				CLANG_WARN_OBJC_IMPLICIT_RETAIN_SELF = YES;
				CLANG_WARN_OBJC_LITERAL_CONVERSION = YES;
				CLANG_WARN_OBJC_ROOT_CLASS = YES_ERROR;
				CLANG_WARN_QUOTED_INCLUDE_IN_FRAMEWORK_HEADER = YES;
				CLANG_WARN_RANGE_LOOP_ANALYSIS = YES;
				CLANG_WARN_STRICT_PROTOTYPES = YES;
				CLANG_WARN_SUSPICIOUS_MOVE = YES;
				CLANG_WARN_UNGUARDED_AVAILABILITY = YES_AGGRESSIVE;
				CLANG_WARN_UNREACHABLE_CODE = YES;
				CLANG_WARN__DUPLICATE_METHOD_MATCH = YES;
				COPY_PHASE_STRIP = NO;
				DEBUG_INFORMATION_FORMAT = "dwarf-with-dsym";
				ENABLE_NS_ASSERTIONS = NO;
				ENABLE_STRICT_OBJC_MSGSEND = YES;
				GCC_C_LANGUAGE_STANDARD = gnu11;
				GCC_NO_COMMON_BLOCKS = YES;
				GCC_WARN_64_TO_32_BIT_CONVERSION = YES;
				GCC_WARN_ABOUT_RETURN_TYPE = YES_ERROR;
				GCC_WARN_UNDECLARED_SELECTOR = YES;
				GCC_WARN_UNINITIALIZED_AUTOS = YES_AGGRESSIVE;
				GCC_WARN_UNUSED_FUNCTION = YES;
				GCC_WARN_UNUSED_VARIABLE = YES;
				IPHONEOS_DEPLOYMENT_TARGET = 13.0;
				MTL_ENABLE_DEBUG_INFO = NO;
				MTL_FAST_MATH = YES;
				SDKROOT = iphoneos;
				SWIFT_COMPILATION_MODE = wholemodule;
				SWIFT_OPTIMIZATION_LEVEL = "-O";
				VALIDATE_PRODUCT = YES;
			};
			name = Release;
		};
		B8A0627327523571003601FD /* Debug */ = {
			isa = XCBuildConfiguration;
			buildSettings = {
				ASSETCATALOG_COMPILER_APPICON_NAME = AppIcon;
				ASSETCATALOG_COMPILER_GLOBAL_ACCENT_COLOR_NAME = AccentColor;
				CODE_SIGN_STYLE = Automatic;
				DEVELOPMENT_ASSET_PATHS = "\"Bright/App/Preview Content\"";
				DEVELOPMENT_TEAM = WLGFZCD2AB;
				ENABLE_PREVIEWS = YES;
				INFOPLIST_FILE = Bright/App/Info.plist;
				LD_RUNPATH_SEARCH_PATHS = (
					"$(inherited)",
					"@executable_path/Frameworks",
				);
				PRODUCT_BUNDLE_IDENTIFIER = com.martin.Bright;
				PRODUCT_NAME = "$(TARGET_NAME)";
				SWIFT_VERSION = 5.0;
				TARGETED_DEVICE_FAMILY = "1,2";
			};
			name = Debug;
		};
		B8A0627427523571003601FD /* Release */ = {
			isa = XCBuildConfiguration;
			buildSettings = {
				ASSETCATALOG_COMPILER_APPICON_NAME = AppIcon;
				ASSETCATALOG_COMPILER_GLOBAL_ACCENT_COLOR_NAME = AccentColor;
				CODE_SIGN_STYLE = Automatic;
				DEVELOPMENT_ASSET_PATHS = "\"Bright/App/Preview Content\"";
				DEVELOPMENT_TEAM = WLGFZCD2AB;
				ENABLE_PREVIEWS = YES;
				INFOPLIST_FILE = Bright/App/Info.plist;
				LD_RUNPATH_SEARCH_PATHS = (
					"$(inherited)",
					"@executable_path/Frameworks",
				);
				PRODUCT_BUNDLE_IDENTIFIER = com.martin.Bright;
				PRODUCT_NAME = "$(TARGET_NAME)";
				SWIFT_VERSION = 5.0;
				TARGETED_DEVICE_FAMILY = "1,2";
			};
			name = Release;
		};
		B8A0627627523571003601FD /* Debug */ = {
			isa = XCBuildConfiguration;
			buildSettings = {
				ALWAYS_EMBED_SWIFT_STANDARD_LIBRARIES = YES;
				BUNDLE_LOADER = "$(TEST_HOST)";
				CODE_SIGN_STYLE = Automatic;
				DEVELOPMENT_TEAM = WLGFZCD2AB;
				INFOPLIST_FILE = BrightTests/Info.plist;
				IPHONEOS_DEPLOYMENT_TARGET = 14.5;
				LD_RUNPATH_SEARCH_PATHS = (
					"$(inherited)",
					"@executable_path/Frameworks",
					"@loader_path/Frameworks",
				);
				PRODUCT_BUNDLE_IDENTIFIER = com.martin.BrightTests;
				PRODUCT_NAME = "$(TARGET_NAME)";
				SWIFT_VERSION = 5.0;
				TARGETED_DEVICE_FAMILY = "1,2";
				TEST_HOST = "$(BUILT_PRODUCTS_DIR)/Bright.app/Bright";
			};
			name = Debug;
		};
		B8A0627727523571003601FD /* Release */ = {
			isa = XCBuildConfiguration;
			buildSettings = {
				ALWAYS_EMBED_SWIFT_STANDARD_LIBRARIES = YES;
				BUNDLE_LOADER = "$(TEST_HOST)";
				CODE_SIGN_STYLE = Automatic;
				DEVELOPMENT_TEAM = WLGFZCD2AB;
				INFOPLIST_FILE = BrightTests/Info.plist;
				IPHONEOS_DEPLOYMENT_TARGET = 14.5;
				LD_RUNPATH_SEARCH_PATHS = (
					"$(inherited)",
					"@executable_path/Frameworks",
					"@loader_path/Frameworks",
				);
				PRODUCT_BUNDLE_IDENTIFIER = com.martin.BrightTests;
				PRODUCT_NAME = "$(TARGET_NAME)";
				SWIFT_VERSION = 5.0;
				TARGETED_DEVICE_FAMILY = "1,2";
				TEST_HOST = "$(BUILT_PRODUCTS_DIR)/Bright.app/Bright";
			};
			name = Release;
		};
		B8A0627927523571003601FD /* Debug */ = {
			isa = XCBuildConfiguration;
			buildSettings = {
				ALWAYS_EMBED_SWIFT_STANDARD_LIBRARIES = YES;
				CODE_SIGN_STYLE = Automatic;
				DEVELOPMENT_TEAM = WLGFZCD2AB;
				INFOPLIST_FILE = BrightUITests/Info.plist;
				LD_RUNPATH_SEARCH_PATHS = (
					"$(inherited)",
					"@executable_path/Frameworks",
					"@loader_path/Frameworks",
				);
				PRODUCT_BUNDLE_IDENTIFIER = com.martin.BrightUITests;
				PRODUCT_NAME = "$(TARGET_NAME)";
				SWIFT_VERSION = 5.0;
				TARGETED_DEVICE_FAMILY = "1,2";
				TEST_TARGET_NAME = Bright;
			};
			name = Debug;
		};
		B8A0627A27523571003601FD /* Release */ = {
			isa = XCBuildConfiguration;
			buildSettings = {
				ALWAYS_EMBED_SWIFT_STANDARD_LIBRARIES = YES;
				CODE_SIGN_STYLE = Automatic;
				DEVELOPMENT_TEAM = WLGFZCD2AB;
				INFOPLIST_FILE = BrightUITests/Info.plist;
				LD_RUNPATH_SEARCH_PATHS = (
					"$(inherited)",
					"@executable_path/Frameworks",
					"@loader_path/Frameworks",
				);
				PRODUCT_BUNDLE_IDENTIFIER = com.martin.BrightUITests;
				PRODUCT_NAME = "$(TARGET_NAME)";
				SWIFT_VERSION = 5.0;
				TARGETED_DEVICE_FAMILY = "1,2";
				TEST_TARGET_NAME = Bright;
			};
			name = Release;
		};
/* End XCBuildConfiguration section */

/* Begin XCConfigurationList section */
		B8A0624327523571003601FD /* Build configuration list for PBXProject "Bright" */ = {
			isa = XCConfigurationList;
			buildConfigurations = (
				B8A0627027523571003601FD /* Debug */,
				B8A0627127523571003601FD /* Release */,
			);
			defaultConfigurationIsVisible = 0;
			defaultConfigurationName = Release;
		};
		B8A0627227523571003601FD /* Build configuration list for PBXNativeTarget "Bright" */ = {
			isa = XCConfigurationList;
			buildConfigurations = (
				B8A0627327523571003601FD /* Debug */,
				B8A0627427523571003601FD /* Release */,
			);
			defaultConfigurationIsVisible = 0;
			defaultConfigurationName = Release;
		};
		B8A0627527523571003601FD /* Build configuration list for PBXNativeTarget "BrightTests" */ = {
			isa = XCConfigurationList;
			buildConfigurations = (
				B8A0627627523571003601FD /* Debug */,
				B8A0627727523571003601FD /* Release */,
			);
			defaultConfigurationIsVisible = 0;
			defaultConfigurationName = Release;
		};
		B8A0627827523571003601FD /* Build configuration list for PBXNativeTarget "BrightUITests" */ = {
			isa = XCConfigurationList;
			buildConfigurations = (
				B8A0627927523571003601FD /* Debug */,
				B8A0627A27523571003601FD /* Release */,
			);
			defaultConfigurationIsVisible = 0;
			defaultConfigurationName = Release;
		};
/* End XCConfigurationList section */
	};
	rootObject = B8A0624027523571003601FD /* Project object */;
}
